
Microsoft Visual Studio Solution File, Format Version 12.00
# Visual Studio Version 17
VisualStudioVersion = 17.0.31903.59
MinimumVisualStudioVersion = 10.0.40219.1
Project("{FAE04EC0-301F-11D3-BF4B-00C04F79EFBC}") = "Myafim.API", "Myafim.API\Myafim.API.csproj", "{EBFC2C50-290B-4AB0-91C4-759819C3EC10}"
EndProject
Project("{FAE04EC0-301F-11D3-BF4B-00C04F79EFBC}") = "Myafim.Domain", "Myafim.Domain\Myafim.Domain.csproj", "{26F0C3F5-0081-49A5-814F-DC6271834B16}"
EndProject
Project("{FAE04EC0-301F-11D3-BF4B-00C04F79EFBC}") = "Myafim.Infrastructure", "Myafim.Infrastructure\Myafim.Infrastructure.csproj", "{32D43A05-F80D-4B4C-BB4C-DAEB3B9D50CD}"
EndProject
Project("{FAE04EC0-301F-11D3-BF4B-00C04F79EFBC}") = "Myafim.FireflyIii.Client", "Myafim.FireflyIii.Client\Myafim.FireflyIii.Client.csproj", "{3010F5C9-C6FB-4D3C-ADB0-7F807DAC2784}"
EndProject
Project("{FAE04EC0-301F-11D3-BF4B-00C04F79EFBC}") = "Myafim.Utils", "Myafim.Utils\Myafim.Utils.csproj", "{59B45C42-9D15-47A1-AC2F-594B8D167860}"
EndProject
Global
	GlobalSection(SolutionConfigurationPlatforms) = preSolution
		Debug|Any CPU = Debug|Any CPU
		Release|Any CPU = Release|Any CPU
	EndGlobalSection
	GlobalSection(SolutionProperties) = preSolution
		HideSolutionNode = FALSE
	EndGlobalSection
	GlobalSection(ProjectConfigurationPlatforms) = postSolution
		{EBFC2C50-290B-4AB0-91C4-759819C3EC10}.Debug|Any CPU.ActiveCfg = Debug|Any CPU
		{EBFC2C50-290B-4AB0-91C4-759819C3EC10}.Debug|Any CPU.Build.0 = Debug|Any CPU
		{EBFC2C50-290B-4AB0-91C4-759819C3EC10}.Release|Any CPU.ActiveCfg = Release|Any CPU
		{EBFC2C50-290B-4AB0-91C4-759819C3EC10}.Release|Any CPU.Build.0 = Release|Any CPU
		{26F0C3F5-0081-49A5-814F-DC6271834B16}.Debug|Any CPU.ActiveCfg = Debug|Any CPU
		{26F0C3F5-0081-49A5-814F-DC6271834B16}.Debug|Any CPU.Build.0 = Debug|Any CPU
		{26F0C3F5-0081-49A5-814F-DC6271834B16}.Release|Any CPU.ActiveCfg = Release|Any CPU
		{26F0C3F5-0081-49A5-814F-DC6271834B16}.Release|Any CPU.Build.0 = Release|Any CPU
		{32D43A05-F80D-4B4C-BB4C-DAEB3B9D50CD}.Debug|Any CPU.ActiveCfg = Debug|Any CPU
		{32D43A05-F80D-4B4C-BB4C-DAEB3B9D50CD}.Debug|Any CPU.Build.0 = Debug|Any CPU
		{32D43A05-F80D-4B4C-BB4C-DAEB3B9D50CD}.Release|Any CPU.ActiveCfg = Release|Any CPU
		{32D43A05-F80D-4B4C-BB4C-DAEB3B9D50CD}.Release|Any CPU.Build.0 = Release|Any CPU
		{3010F5C9-C6FB-4D3C-ADB0-7F807DAC2784}.Debug|Any CPU.ActiveCfg = Debug|Any CPU
		{3010F5C9-C6FB-4D3C-ADB0-7F807DAC2784}.Debug|Any CPU.Build.0 = Debug|Any CPU
		{3010F5C9-C6FB-4D3C-ADB0-7F807DAC2784}.Release|Any CPU.ActiveCfg = Release|Any CPU
		{3010F5C9-C6FB-4D3C-ADB0-7F807DAC2784}.Release|Any CPU.Build.0 = Release|Any CPU
		{59B45C42-9D15-47A1-AC2F-594B8D167860}.Debug|Any CPU.ActiveCfg = Debug|Any CPU
		{59B45C42-9D15-47A1-AC2F-594B8D167860}.Debug|Any CPU.Build.0 = Debug|Any CPU
		{59B45C42-9D15-47A1-AC2F-594B8D167860}.Release|Any CPU.ActiveCfg = Release|Any CPU
		{59B45C42-9D15-47A1-AC2F-594B8D167860}.Release|Any CPU.Build.0 = Release|Any CPU
	EndGlobalSection
EndGlobal
